
Microsoft Visual Studio Solution File, Format Version 12.00
# Visual Studio Version 17
VisualStudioVersion = 17.14.36414.22 d17.14
MinimumVisualStudioVersion = 10.0.40219.1
Project("{FAE04EC0-301F-11D3-BF4B-00C04F79EFBC}") = "Ariketa 3", "Ariketa 3\Ariketa 3.csproj", "{6E72EDF5-F6F0-4E0B-8AB6-897043A7DC40}"
EndProject
Project("{FAE04EC0-301F-11D3-BF4B-00C04F79EFBC}") = "Zerbitzaria", "Serbitzaria\Zerbitzaria.csproj", "{1E8593EE-ECCA-43CE-BC07-DACC253B5A96}"
EndProject
Global
	GlobalSection(SolutionConfigurationPlatforms) = preSolution
		Debug|Any CPU = Debug|Any CPU
		Release|Any CPU = Release|Any CPU
	EndGlobalSection
	GlobalSection(ProjectConfigurationPlatforms) = postSolution
		{6E72EDF5-F6F0-4E0B-8AB6-897043A7DC40}.Debug|Any CPU.ActiveCfg = Debug|Any CPU
		{6E72EDF5-F6F0-4E0B-8AB6-897043A7DC40}.Debug|Any CPU.Build.0 = Debug|Any CPU
		{6E72EDF5-F6F0-4E0B-8AB6-897043A7DC40}.Release|Any CPU.ActiveCfg = Release|Any CPU
		{6E72EDF5-F6F0-4E0B-8AB6-897043A7DC40}.Release|Any CPU.Build.0 = Release|Any CPU
		{1E8593EE-ECCA-43CE-BC07-DACC253B5A96}.Debug|Any CPU.ActiveCfg = Debug|Any CPU
		{1E8593EE-ECCA-43CE-BC07-DACC253B5A96}.Debug|Any CPU.Build.0 = Debug|Any CPU
		{1E8593EE-ECCA-43CE-BC07-DACC253B5A96}.Release|Any CPU.ActiveCfg = Release|Any CPU
		{1E8593EE-ECCA-43CE-BC07-DACC253B5A96}.Release|Any CPU.Build.0 = Release|Any CPU
	EndGlobalSection
	GlobalSection(SolutionProperties) = preSolution
		HideSolutionNode = FALSE
	EndGlobalSection
	GlobalSection(ExtensibilityGlobals) = postSolution
		SolutionGuid = {1BDC3DA6-42D0-4D80-A9FF-6611AB20BBDB}
	EndGlobalSection
EndGlobal
